{
  "requires": true,
  "lockfileVersion": 1,
  "dependencies": {
    "lodash": {
      "version": "4.17.10",
      "resolved": "https://registry.npmjs.org/lodash/-/lodash-4.17.10.tgz",
      "integrity": "sha512-UejweD1pDoXu+AD825lWwp4ZGtSwgnpZxb3JDViD7StjQz+Nb/6l093lx4OQ0foGWNRoc19mWy7BzL+UAK2iVg=="
    },
    "vue-lodash": {
      "version": "2.0.0",
      "resolved": "https://registry.npmjs.org/vue-lodash/-/vue-lodash-2.0.0.tgz",
      "integrity": "sha512-Y0VRg8DYjVukSBSJtgstuwTvdIoVIQxSyAHy8CH7lZs2njej2YIUx2gFhV/2IvNK933JQlj9vnBpIvxnUgjeMQ==",
      "requires": {
        "lodash": "^4.17.5"
      }
    }
  }
}
